# This file is a committed, lock-bound resolution for the project-neutral JAX/QIT profile.
# Regenerate only as a deliberate profile revision and rerun the full probe.
absl-py==2.5.0
    # via
    #   optax
    #   orbax-checkpoint
aiofiles==25.1.0
    # via orbax-checkpoint
asttokens==3.0.2
    # via stack-data
attrs==26.1.0
    # via e3nn-jax
autoray==0.8.2
    # via
    #   -r requirements.in
    #   cotengra
    #   quimb
beartype==0.22.9
    # via plum-dispatch
blackjax==1.5
    # via -r requirements.in
certifi==2026.7.22
    # via requests
charset-normalizer==3.5.1
    # via requests
clifford==1.5.1
    # via -r requirements.in
cmasher==1.9.2
    # via dynamiqs
colorspacious==1.1.2
    # via cmasher
contourpy==1.3.3
    # via matplotlib
cotengra==0.8.0
    # via
    #   -r requirements.in
    #   quimb
cvc5==1.3.3
    # via -r requirements.in
cycler==0.12.1
    # via matplotlib
cytoolz==1.1.0
    # via quimb
diffrax==0.7.2
    # via
    #   -r requirements.in
    #   dynamiqs
    #   qutip-jax
docstring-parser==0.18.0
    # via tyro
dynamiqs==0.3.3
    # via -r requirements.in
e3nn-jax==0.21.0
    # via -r requirements.in
einops==0.8.2
    # via netket
equinox==0.13.8
    # via
    #   diffrax
    #   dynamiqs
    #   lineax
    #   netket
    #   optimistix
    #   qutip-jax
etils==1.14.0
    # via orbax-checkpoint
executing==2.2.1
    # via stack-data
flax==0.12.8
    # via netket
fonttools==4.63.0
    # via matplotlib
fsspec==2026.7.0
    # via etils
gudhi==3.12.0
    # via -r requirements.in
h5py==3.16.0
    # via clifford
humanize==4.16.0
    # via orbax-checkpoint
idna==3.18
    # via requests
igraph==1.0.0
    # via
    #   -r requirements.in
    #   netket
ipython==9.16.1
    # via dynamiqs
ipython-pygments-lexers==1.1.1
    # via ipython
jax==0.10.1
    # via
    #   -r requirements.in
    #   blackjax
    #   diffrax
    #   dynamiqs
    #   e3nn-jax
    #   equinox
    #   flax
    #   jax-dataclasses
    #   jaxlie
    #   jaxopt
    #   lineax
    #   netket
    #   numpyro
    #   optax
    #   optimistix
    #   orbax-checkpoint
    #   qutip-jax
jax-dataclasses==1.6.3
    # via jaxlie
jaxlib==0.10.1
    # via
    #   -r requirements.in
    #   blackjax
    #   e3nn-jax
    #   jax
    #   jax-dataclasses
    #   jaxopt
    #   numpyro
    #   optax
jaxlie==1.5.0
    # via -r requirements.in
jaxopt==0.8.5
    # via -r requirements.in
jaxtyping==0.3.11
    # via
    #   diffrax
    #   dynamiqs
    #   equinox
    #   lineax
    #   optimistix
jedi==0.20.0
    # via ipython
kiwisolver==1.5.0
    # via matplotlib
lineax==0.1.1
    # via
    #   -r requirements.in
    #   diffrax
    #   optimistix
llvmlite==0.49.0
    # via numba
markdown-it-py==4.2.0
    # via rich
matplotlib==3.11.1
    # via
    #   cmasher
    #   dynamiqs
    #   xgi
matplotlib-inline==0.2.2
    # via ipython
mdurl==0.1.2
    # via markdown-it-py
ml-dtypes==0.6.0
    # via
    #   jax
    #   jaxlib
    #   tensorstore
more-itertools==11.1.0
    # via toponetx
mpmath==1.3.0
    # via sympy
msgpack==1.2.1
    # via
    #   flax
    #   orbax-checkpoint
multipledispatch==1.0.0
    # via numpyro
netket==3.22.4
    # via -r requirements.in
networkx==3.6.1
    # via
    #   -r requirements.in
    #   toponetx
    #   xgi
numba==0.67.0
    # via
    #   clifford
    #   netket
    #   quimb
    #   sparse
numpy==2.5.2
    # via
    #   blackjax
    #   clifford
    #   cmasher
    #   colorspacious
    #   contourpy
    #   dynamiqs
    #   e3nn-jax
    #   flax
    #   h5py
    #   jax
    #   jaxlib
    #   jaxlie
    #   jaxopt
    #   matplotlib
    #   ml-dtypes
    #   netket
    #   numba
    #   numpyro
    #   optax
    #   orbax-checkpoint
    #   pandas
    #   quimb
    #   qutip
    #   rustworkx
    #   scipy
    #   sparse
    #   stim
    #   tensorstore
    #   toponetx
    #   treescope
    #   trimesh
    #   xgi
numpyro==0.21.0
    # via -r requirements.in
opt-einsum==3.4.0
    # via jax
optax==0.2.8
    # via
    #   -r requirements.in
    #   blackjax
    #   flax
    #   netket
optimistix==0.1.0
    # via
    #   -r requirements.in
    #   diffrax
    #   dynamiqs
orbax-checkpoint==0.12.4
    # via flax
orjson==3.12.0
    # via netket
packaging==26.3
    # via
    #   matplotlib
    #   qutip
pandas==3.0.5
    # via
    #   toponetx
    #   xgi
parso==0.8.7
    # via jedi
pexpect==4.9.0
    # via ipython
pillow==12.3.0
    # via
    #   dynamiqs
    #   matplotlib
plum-dispatch==2.9.0
    # via netket
prometheus-client==0.26.0
    # via orbax-checkpoint
prompt-toolkit==3.0.53
    # via ipython
protobuf==7.35.1
    # via orbax-checkpoint
psutil==7.2.2
    # via
    #   ipython
    #   orbax-checkpoint
    #   quimb
ptyprocess==0.7.0
    # via pexpect
pure-eval==0.2.3
    # via stack-data
pyarrow==25.0.1
    # via toponetx
pygments==2.21.0
    # via
    #   ipython
    #   ipython-pygments-lexers
    #   rich
pyparsing==3.3.2
    # via matplotlib
python-dateutil==2.9.0.post0
    # via
    #   matplotlib
    #   pandas
pyyaml==6.0.3
    # via
    #   flax
    #   orbax-checkpoint
quimb==1.15.0
    # via -r requirements.in
qutip==5.3.1
    # via
    #   -r requirements.in
    #   dynamiqs
    #   qutip-jax
qutip-jax==0.1.1
    # via -r requirements.in
requests==2.34.2
    # via
    #   toponetx
    #   xgi
rich==15.0.0
    # via
    #   flax
    #   netket
    #   plum-dispatch
rustworkx==0.17.1
    # via -r requirements.in
scipy==1.17.1
    # via
    #   -r requirements.in
    #   blackjax
    #   clifford
    #   dynamiqs
    #   jax
    #   jaxlib
    #   jaxopt
    #   netket
    #   quimb
    #   qutip
    #   toponetx
    #   xgi
simplejson==4.1.1
    # via orbax-checkpoint
six==1.17.0
    # via python-dateutil
sparse==0.18.0
    # via
    #   -r requirements.in
    #   clifford
    #   netket
stack-data==0.6.3
    # via ipython
stim==1.16.0
    # via -r requirements.in
sympy==1.14.0
    # via
    #   -r requirements.in
    #   e3nn-jax
tensorstore==0.1.85
    # via
    #   flax
    #   orbax-checkpoint
texttable==1.7.0
    # via igraph
toolz==1.1.0
    # via cytoolz
toponetx==0.4.0
    # via -r requirements.in
tqdm==4.70.0
    # via
    #   dynamiqs
    #   netket
    #   numpyro
    #   quimb
traitlets==5.16.1
    # via
    #   ipython
    #   matplotlib-inline
treescope==0.1.10
    # via flax
trimesh==5.0.0
    # via toponetx
typeguard==4.6.0
    # via tyro
typing-extensions==4.16.0
    # via
    #   blackjax
    #   diffrax
    #   equinox
    #   etils
    #   flax
    #   jax-dataclasses
    #   jaxlie
    #   lineax
    #   optimistix
    #   orbax-checkpoint
    #   plum-dispatch
    #   toponetx
    #   typeguard
    #   tyro
tyro==1.0.15
    # via jaxlie
urllib3==2.7.0
    # via requests
uvloop==0.22.1
    # via orbax-checkpoint
wadler-lindig==0.1.7
    # via
    #   diffrax
    #   equinox
    #   jaxtyping
wcwidth==0.8.2
    # via prompt-toolkit
xgi==0.10.1
    # via -r requirements.in
z3-solver==4.16.0.0
    # via -r requirements.in
zipp==4.1.0
    # via etils
